
Microsoft Visual Studio Solution File, Format Version 12.00
# Visual Studio Version 16
VisualStudioVersion = 16.0.30907.101
MinimumVisualStudioVersion = 10.0.40219.1
Project("{FAE04EC0-301F-11D3-BF4B-00C04F79EFBC}") = "myfirstapp", "myfirstapp\myfirstapp.csproj", "{AF0D5E27-B429-4FBD-BBA6-BCE0A2C6880A}"
EndProject
Project("{FAE04EC0-301F-11D3-BF4B-00C04F79EFBC}") = "ClassLibrary1", "ClassLibrary1\ClassLibrary1.csproj", "{D2273B47-DEEB-4BDD-BF34-D62766549A9D}"
EndProject
Global
	GlobalSection(SolutionConfigurationPlatforms) = preSolution
		Debug|Any CPU = Debug|Any CPU
		Release|Any CPU = Release|Any CPU
	EndGlobalSection
	GlobalSection(ProjectConfigurationPlatforms) = postSolution
		{AF0D5E27-B429-4FBD-BBA6-BCE0A2C6880A}.Debug|Any CPU.ActiveCfg = Debug|Any CPU
		{AF0D5E27-B429-4FBD-BBA6-BCE0A2C6880A}.Debug|Any CPU.Build.0 = Debug|Any CPU
		{AF0D5E27-B429-4FBD-BBA6-BCE0A2C6880A}.Release|Any CPU.ActiveCfg = Release|Any CPU
		{AF0D5E27-B429-4FBD-BBA6-BCE0A2C6880A}.Release|Any CPU.Build.0 = Release|Any CPU
		{D2273B47-DEEB-4BDD-BF34-D62766549A9D}.Debug|Any CPU.ActiveCfg = Debug|Any CPU
		{D2273B47-DEEB-4BDD-BF34-D62766549A9D}.Debug|Any CPU.Build.0 = Debug|Any CPU
		{D2273B47-DEEB-4BDD-BF34-D62766549A9D}.Release|Any CPU.ActiveCfg = Release|Any CPU
		{D2273B47-DEEB-4BDD-BF34-D62766549A9D}.Release|Any CPU.Build.0 = Release|Any CPU
	EndGlobalSection
	GlobalSection(SolutionProperties) = preSolution
		HideSolutionNode = FALSE
	EndGlobalSection
	GlobalSection(ExtensibilityGlobals) = postSolution
		SolutionGuid = {7DD3A649-7719-4878-B642-FA74EC9A94A8}
	EndGlobalSection
EndGlobal
